
Microsoft Visual Studio Solution File, Format Version 12.00
# Visual Studio Version 16
VisualStudioVersion = 16.0.31410.357
MinimumVisualStudioVersion = 10.0.40219.1
Project("{FAE04EC0-301F-11D3-BF4B-00C04F79EFBC}") = "Pokedex", "Pokedex\Pokedex.csproj", "{4C2FFF0A-856C-401E-884D-3530CBB07ECE}"
EndProject
Project("{FAE04EC0-301F-11D3-BF4B-00C04F79EFBC}") = "PokedexTests", "PokedexTests\PokedexTests.csproj", "{D68B0BF6-56CA-48FF-9BBA-140202B95704}"
EndProject
Global
	GlobalSection(SolutionConfigurationPlatforms) = preSolution
		Debug|Any CPU = Debug|Any CPU
		Release|Any CPU = Release|Any CPU
	EndGlobalSection
	GlobalSection(ProjectConfigurationPlatforms) = postSolution
		{4C2FFF0A-856C-401E-884D-3530CBB07ECE}.Debug|Any CPU.ActiveCfg = Debug|Any CPU
		{4C2FFF0A-856C-401E-884D-3530CBB07ECE}.Debug|Any CPU.Build.0 = Debug|Any CPU
		{4C2FFF0A-856C-401E-884D-3530CBB07ECE}.Release|Any CPU.ActiveCfg = Release|Any CPU
		{4C2FFF0A-856C-401E-884D-3530CBB07ECE}.Release|Any CPU.Build.0 = Release|Any CPU
		{D68B0BF6-56CA-48FF-9BBA-140202B95704}.Debug|Any CPU.ActiveCfg = Debug|Any CPU
		{D68B0BF6-56CA-48FF-9BBA-140202B95704}.Debug|Any CPU.Build.0 = Debug|Any CPU
		{D68B0BF6-56CA-48FF-9BBA-140202B95704}.Release|Any CPU.ActiveCfg = Release|Any CPU
		{D68B0BF6-56CA-48FF-9BBA-140202B95704}.Release|Any CPU.Build.0 = Release|Any CPU
	EndGlobalSection
	GlobalSection(SolutionProperties) = preSolution
		HideSolutionNode = FALSE
	EndGlobalSection
	GlobalSection(ExtensibilityGlobals) = postSolution
		SolutionGuid = {0A463789-C90C-47AF-8153-7569CBE09159}
	EndGlobalSection
EndGlobal
